# This file is autogenerated, do not edit; changes may be undone by the next 'dep ensure'.


[[projects]]
  digest = "1:d8ebbd207f3d3266d4423ce4860c9f3794956306ded6c7ba312ecc69cdfbf04c"
  name = "github.com/PuerkitoBio/purell"
  packages = ["."]
  pruneopts = "NUT"
  revision = "0bcb03f4b4d0a9428594752bd2a3b9aa0a9d4bd4"
  version = "v1.1.0"

[[projects]]
  branch = "master"
  digest = "1:8098cd40cd09879efbf12e33bcd51ead4a66006ac802cd563a66c4f3373b9727"
  name = "github.com/PuerkitoBio/urlesc"
  packages = ["."]
  pruneopts = "NUT"
  revision = "de5bf2ad457846296e2031421a34e2568e304e35"

[[projects]]
  digest = "1:d54b845e98684fc00de7bb3d8ce4353f76c7e4c841ecef84a034d86b7f731300"
  name = "github.com/asaskevich/govalidator"
  packages = ["."]
  pruneopts = "NUT"
  revision = "73945b6115bfbbcc57d89b7316e28109364124e1"
  version = "v7"

[[projects]]
  branch = "release-1.7"
  digest = "1:956fedc8557e7b5550b4eac7a1157cc45f86fc9f680f1c403333648a4980fa69"
  name = "github.com/caicloud/clientset"
  packages = [
    "informers",
    "informers/apiextensions",
    "informers/apiextensions/v1beta1",
    "informers/config",
    "informers/config/v1alpha1",
    "informers/loadbalance",
    "informers/loadbalance/v1alpha2",
    "informers/release",
    "informers/release/v1alpha1",
    "informers/resource",
    "informers/resource/v1alpha1",
    "kubernetes",
    "kubernetes/scheme",
    "kubernetes/typed/apiextensions/v1beta1",
    "kubernetes/typed/config/v1alpha1",
    "kubernetes/typed/loadbalance/v1alpha2",
    "kubernetes/typed/release/v1alpha1",
    "kubernetes/typed/resource/v1alpha1",
    "listers/apiextensions/v1beta1",
    "listers/config/v1alpha1",
    "listers/loadbalance/v1alpha2",
    "listers/release/v1alpha1",
    "listers/resource/v1alpha1",
    "pkg/apis/apiextensions/v1beta1",
    "pkg/apis/config/v1alpha1",
    "pkg/apis/loadbalance/v1alpha2",
    "pkg/apis/release/v1alpha1",
    "pkg/apis/resource/v1alpha1",
    "util/node",
    "util/syncqueue",
  ]
  pruneopts = "NUT"
  revision = "5163f4ee5c047dbd791c694a137973265a2262e7"

[[projects]]
  digest = "1:a2c1d0e43bd3baaa071d1b9ed72c27d78169b2b269f71c105ac4ba34b1be4a39"
  name = "github.com/davecgh/go-spew"
  packages = ["spew"]
  pruneopts = "NUT"
  revision = "346938d642f2ec3594ed81d874461961cd0faa76"
  version = "v1.1.0"

[[projects]]
  digest = "1:3cabbabc9e0e4aa7e12b882bdc213f41cf8bd2b2ce2a7b5e0aceaf8a6a78049b"
  name = "github.com/docker/distribution"
  packages = [
    "digest",
    "reference",
  ]
  pruneopts = "NUT"
  revision = "48294d928ced5dd9b378f7fd7c6f5da3ff3f2c89"
  version = "v2.6.2"

[[projects]]
  digest = "1:7676e46aef968ee20c6c129f9df2a4fa11ed1428e0acb5a98d91a41b468b5d96"
  name = "github.com/emicklei/go-restful"
  packages = [
    ".",
    "log",
  ]
  pruneopts = "NUT"
  revision = "5741799b275a3c4a5a9623a993576d7545cf7b5c"
  version = "v2.4.0"

[[projects]]
  digest = "1:27e00683ae7700cf7b286011dcd6ace672d542d236590dcc51bd10669cfb3366"
  name = "github.com/emicklei/go-restful-swagger12"
  packages = ["."]
  pruneopts = "NUT"
  revision = "dcef7f55730566d41eae5db10e7d6981829720f6"
  version = "1.0.1"

[[projects]]
  digest = "1:81466b4218bf6adddac2572a30ac733a9255919bc2f470b4827a317bd4ee1756"
  name = "github.com/ghodss/yaml"
  packages = ["."]
  pruneopts = "NUT"
  revision = "0ca9ea5df5451ffdf184b4428c902747c2c11cd7"
  version = "v1.0.0"

[[projects]]
  branch = "master"
  digest = "1:c1f5fa913b1ad05f30a2dc7bd2f96b74b889d7ccb3a03f353dc29092d6723028"
  name = "github.com/go-openapi/analysis"
  packages = ["."]
  pruneopts = "NUT"
  revision = "8ed83f2ea9f00f945516462951a288eaa68bf0d6"

[[projects]]
  branch = "master"
  digest = "1:7bd6d5dfea79ea7e39b34061ab9e8905302a998179dacaccd9ce684343eaf739"
  name = "github.com/go-openapi/errors"
  packages = ["."]
  pruneopts = "NUT"
  revision = "03cfca65330da08a5a440053faf994a3c682b5bf"

[[projects]]
  branch = "master"
  digest = "1:260f7ebefc63024c8dfe2c9f1a2935a89fa4213637a1f522f592f80c001cc441"
  name = "github.com/go-openapi/jsonpointer"
  packages = ["."]
  pruneopts = "NUT"
  revision = "779f45308c19820f1a69e9a4cd965f496e0da10f"

[[projects]]
  branch = "master"
  digest = "1:98abd61947ff5c7c6fcfec5473d02a4821ed3a2dd99a4fbfdb7925b0dd745546"
  name = "github.com/go-openapi/jsonreference"
  packages = ["."]
  pruneopts = "NUT"
  revision = "36d33bfe519efae5632669801b180bf1a245da3b"

[[projects]]
  branch = "master"
  digest = "1:2707da0df41b2f1fca03799a377aedeeb1330abf9072982d8de3317ee1880489"
  name = "github.com/go-openapi/loads"
  packages = ["."]
  pruneopts = "NUT"
  revision = "c3e1ca4c0b6160cac10aeef7e8b425cc95b9c820"

[[projects]]
  branch = "master"
  digest = "1:1ce8318e99af2d3acc3fbc71fc5c6b8a6960a92e67fd892f08f82fa6c3b6beba"
  name = "github.com/go-openapi/spec"
  packages = ["."]
  pruneopts = "NUT"
  revision = "a4fa9574c7aa73b2fc54e251eb9524d0482bb592"

[[projects]]
  branch = "master"
  digest = "1:2584df444a125335ef2f4358c3682322878c862369f1f2bcee7c6fc72ded2188"
  name = "github.com/go-openapi/strfmt"
  packages = ["."]
  pruneopts = "NUT"
  revision = "610b6cacdcde6852f4de68998bd20ce1dac85b22"

[[projects]]
  branch = "master"
  digest = "1:f79fc470a7d6df93d53ca2a431b6df84534ba5ccab4e451b008358655ec37b28"
  name = "github.com/go-openapi/swag"
  packages = ["."]
  pruneopts = "NUT"
  revision = "f3f9494671f93fcff853e3c6e9e948b3eb71e590"

[[projects]]
  digest = "1:c119fcb00f5582ed5dfa7633af1b0950c2ae9e2718346c1be08d0378432d41e7"
  name = "github.com/godbus/dbus"
  packages = ["."]
  pruneopts = "NUT"
  revision = "5f6efc7ef2759c81b7ba876593971bfce311eab3"
  version = "v4.0.0"

[[projects]]
  digest = "1:93344b9d2c6f6c951d852e753e09c7d433a222e3c0ac952ff86f6e2527873b37"
  name = "github.com/gogo/protobuf"
  packages = [
    "proto",
    "sortkeys",
  ]
  pruneopts = "NUT"
  revision = "342cbe0a04158f6dcb03ca0079991a51a4248c02"
  version = "v0.5"

[[projects]]
  branch = "master"
  digest = "1:e2b86e41f3d669fc36b50d31d32d22c8ac656c75aa5ea89717ce7177e134ff2a"
  name = "github.com/golang/glog"
  packages = ["."]
  pruneopts = "NUT"
  revision = "23def4e6c14b4da8ac2ed8007337bc5eb5007998"

[[projects]]
  branch = "master"
  digest = "1:52c5834e2bebac9030c97cc0798ac11c3aa8a39f098aeb419f142533da6cd3cc"
  name = "github.com/google/gofuzz"
  packages = ["."]
  pruneopts = "NUT"
  revision = "24818f796faf91cd76ec7bddd72458fbced7a6c1"

[[projects]]
  branch = "master"
  digest = "1:892e13370cbfcda090d8f7676ef67b50cb2ead5460b72f3a1c2bb1c19e9a57de"
  name = "github.com/hashicorp/golang-lru"
  packages = [
    ".",
    "simplelru",
  ]
  pruneopts = "NUT"
  revision = "0a025b7e63adc15a622f29b0b2c4c3848243bbf6"

[[projects]]
  branch = "master"
  digest = "1:b7f860847a1d71f925ba9385ed95f1ebc0abfeb418a78e219ab61f48fdfeffad"
  name = "github.com/howeyc/gopass"
  packages = ["."]
  pruneopts = "NUT"
  revision = "bf9dde6d0d2c004a008c27aaee91170c786f6db8"

[[projects]]
  digest = "1:9b9758cc00f332bd95147c2e343dccd662ab02cb716a50a89e6b6563ea2df314"
  name = "github.com/imdario/mergo"
  packages = ["."]
  pruneopts = "NUT"
  revision = "7fe0c75c13abdee74b09fcacef5ea1c6bba6a874"
  version = "0.2.4"

[[projects]]
  branch = "master"
  digest = "1:8b3234b10eacd5edea45bf0c13a585b608749da23f94aaf29b46d9ef8a8babf4"
  name = "github.com/juju/ratelimit"
  packages = ["."]
  pruneopts = "NUT"
  revision = "59fac5042749a5afb9af70e813da1dd5474f0167"

[[projects]]
  branch = "master"
  digest = "1:2c62efdb5de6495582713f39b98513956d176b5b6c86d742f166f6a379b6ef41"
  name = "github.com/mailru/easyjson"
  packages = [
    "buffer",
    "jlexer",
    "jwriter",
  ]
  pruneopts = "NUT"
  revision = "5f62e4f3afa2f576dc86531b7df4d966b19ef8f8"

[[projects]]
  branch = "master"
  digest = "1:d451619b46d6d32569e13c69439b4ecd8b0c0ca6dd2e1cd2ef93bc597208fce2"
  name = "github.com/mdlayher/arp"
  packages = ["."]
  pruneopts = "NUT"
  revision = "43953fc6354aa71b6d6814755eceba262eae9246"

[[projects]]
  branch = "master"
  digest = "1:88810ec115324c260951440d11f030e4bfe451cd888720481e1ddc037a5c8678"
  name = "github.com/mdlayher/ethernet"
  packages = ["."]
  pruneopts = "NUT"
  revision = "e72cf8343052938936194daba1914fd1bb33d2fe"

[[projects]]
  digest = "1:6fcfc5194c12c981d685c2e3d374ccb0bb37d6c62f4201c665e8dd9a619eb8b9"
  name = "github.com/mdlayher/raw"
  packages = ["."]
  pruneopts = "NUT"
  revision = "140ca93cb1bb2d19be9453ed538f320898a6f02f"

[[projects]]
  branch = "master"
  digest = "1:8108ffa4a49c79e05952f1a9f5bd410a3d15b30b282a30f6cca73085cc133640"
  name = "github.com/mitchellh/mapstructure"
  packages = ["."]
  pruneopts = "NUT"
  revision = "06020f85339e21b2478f756a78e295255ffa4d6a"

[[projects]]
  digest = "1:0028cb19b2e4c3112225cd871870f2d9cf49b9b4276531f03438a88e94be86fe"
  name = "github.com/pmezard/go-difflib"
  packages = ["difflib"]
  pruneopts = "NUT"
  revision = "792786c7400a136282c1664665ae0a8db921c6c2"
  version = "v1.0.0"

[[projects]]
  digest = "1:3ab855aa584d08db6541ce99dad60c12bd6a328ecb8a7358363887f85c976347"
  name = "github.com/spf13/pflag"
  packages = ["."]
  pruneopts = "NUT"
  revision = "e57e3eeb33f795204c1ca35f56c44f83227c6e66"
  version = "v1.0.0"

[[projects]]
  digest = "1:b5c8b4a0ad5f65a85eb2a9f89e30c638ef8b99f8a3f078467cea778869757666"
  name = "github.com/stretchr/testify"
  packages = ["assert"]
  pruneopts = "NUT"
  revision = "69483b4bd14f5845b5a1e55bca19e954e827f1d0"
  version = "v1.1.4"

[[projects]]
  digest = "1:dcda05abfeb8e19cdd5e69cb4a86ecea44769386926c7d1cc199e2c142feb1a6"
  name = "github.com/ugorji/go"
  packages = ["codec"]
  pruneopts = "NUT"
  revision = "8c0409fcbb70099c748d71f714529204975f6c3f"

[[projects]]
  branch = "master"
  digest = "1:58080d9527ceb49f2b37334a6e0cf8ea3b3bde396b7c21c432871c12f13832c2"
  name = "github.com/zoumo/golib"
  packages = ["netutil"]
  pruneopts = "NUT"
  revision = "7505302a8596c0f3c4359fe5c9d8e55b063ec120"

[[projects]]
  branch = "master"
  digest = "1:df458e1c235788eba6db878775b18971fb591f95e8332ff8aaf11ae089240e25"
  name = "github.com/zoumo/logdog"
  packages = [
    ".",
    "pkg/pythonic",
    "pkg/when",
  ]
  pruneopts = "NUT"
  revision = "f8d72e099cbfb61fcb6149e66f76976133ce5794"

[[projects]]
  branch = "master"
  digest = "1:b099f34755f60b51f4ef18cb1f0b5b7ba712a0d01c87d7118c360b5e808fb57e"
  name = "github.com/zoumo/register"
  packages = ["."]
  pruneopts = "NUT"
  revision = "6efd25730b1c4eed0eacabe2241042ed5e57f405"

[[projects]]
  branch = "master"
  digest = "1:5a7b6061560d920434c4b853af04fd1027215d80c8645bba360841edb29e672a"
  name = "golang.org/x/crypto"
  packages = ["ssh/terminal"]
  pruneopts = "NUT"
  revision = "6a293f2d4b14b8e6d3f0539e383f6d0d30fce3fd"

[[projects]]
  branch = "master"
  digest = "1:af55c4b38c7895daecd4a6f18e9d8af3dae36700478037b7b922d2c96284a497"
  name = "golang.org/x/net"
  packages = [
    "bpf",
    "http2",
    "http2/hpack",
    "idna",
    "lex/httplex",
  ]
  pruneopts = "NUT"
  revision = "a337091b0525af65de94df2eb7e98bd9962dcbe2"

[[projects]]
  branch = "master"
  digest = "1:583bc7fec3315462031c2e51f88c60bd1b6e91fb89ac6b2390e793bf0d2301be"
  name = "golang.org/x/sys"
  packages = [
    "unix",
    "windows",
  ]
  pruneopts = "NUT"
  revision = "4b45465282a4624cf39876842a017334f13b8aff"

[[projects]]
  branch = "master"
  digest = "1:ba52f9c132ecee093b3656da8190995369d5f63b7357d68cf1f25c00434a3547"
  name = "golang.org/x/text"
  packages = [
    "collate",
    "collate/build",
    "internal/colltab",
    "internal/gen",
    "internal/tag",
    "internal/triegen",
    "internal/ucd",
    "language",
    "secure/bidirule",
    "transform",
    "unicode/bidi",
    "unicode/cldr",
    "unicode/norm",
    "unicode/rangetable",
    "width",
  ]
  pruneopts = "NUT"
  revision = "88f656faf3f37f690df1a32515b479415e1a6769"

[[projects]]
  digest = "1:ef72505cf098abdd34efeea032103377bec06abb61d8a06f002d5d296a4b1185"
  name = "gopkg.in/inf.v0"
  packages = ["."]
  pruneopts = "NUT"
  revision = "3887ee99ecf07df5b447e9b00d9c0b2adaa9f3e4"
  version = "v0.9.0"

[[projects]]
  branch = "v2"
  digest = "1:9e8ac8aa4f4c5557ba0b03a55d407b07b7030ed552b437a9dc7e5ec90f16ab39"
  name = "gopkg.in/mgo.v2"
  packages = [
    "bson",
    "internal/json",
  ]
  pruneopts = "NUT"
  revision = "3f83fa5005286a7fe593b055f0d7771a7dce4655"

[[projects]]
  digest = "1:5dba68a1600a235630e208cb7196b24e58fcbb77bb7a6bec08fcd23f081b0a58"
  name = "gopkg.in/urfave/cli.v1"
  packages = ["."]
  pruneopts = "NUT"
  revision = "cfb38830724cc34fedffe9a2a29fb54fa9169cd1"
  version = "v1.20.0"

[[projects]]
  branch = "v2"
  digest = "1:c85dc78b3426641ebf2a0bbf5b731b5c4613ddb5987dbe218f7e75468dcd56f5"
  name = "gopkg.in/yaml.v2"
  packages = ["."]
  pruneopts = "NUT"
  revision = "eb3733d160e74a9c7e442f435eb3bea458e1d19f"

[[projects]]
  branch = "release-1.7"
  digest = "1:c5eedd31e6c1b43e18f9b86babcca6a66a3f816dea1dc4ffeaca400a38a9abbb"
  name = "k8s.io/apimachinery"
  packages = [
    "pkg/api/equality",
    "pkg/api/errors",
    "pkg/api/meta",
    "pkg/api/resource",
    "pkg/apimachinery",
    "pkg/apimachinery/announced",
    "pkg/apimachinery/registered",
    "pkg/apis/meta/v1",
    "pkg/apis/meta/v1/unstructured",
    "pkg/apis/meta/v1alpha1",
    "pkg/conversion",
    "pkg/conversion/queryparams",
    "pkg/conversion/unstructured",
    "pkg/fields",
    "pkg/labels",
    "pkg/openapi",
    "pkg/runtime",
    "pkg/runtime/schema",
    "pkg/runtime/serializer",
    "pkg/runtime/serializer/json",
    "pkg/runtime/serializer/protobuf",
    "pkg/runtime/serializer/recognizer",
    "pkg/runtime/serializer/streaming",
    "pkg/runtime/serializer/versioning",
    "pkg/selection",
    "pkg/types",
    "pkg/util/cache",
    "pkg/util/clock",
    "pkg/util/diff",
    "pkg/util/errors",
    "pkg/util/framer",
    "pkg/util/intstr",
    "pkg/util/json",
    "pkg/util/net",
    "pkg/util/rand",
    "pkg/util/runtime",
    "pkg/util/sets",
    "pkg/util/validation",
    "pkg/util/validation/field",
    "pkg/util/wait",
    "pkg/util/yaml",
    "pkg/version",
    "pkg/watch",
    "third_party/forked/golang/reflect",
  ]
  pruneopts = "NUT"
  revision = "8ab5f3d8a330c2e9baaf84e39042db8d49034ae2"

[[projects]]
  digest = "1:06fb7c4f544c84c9b56b5362534f8ed166ca4de9874f98a850e61d00fe52882e"
  name = "k8s.io/client-go"
  packages = [
    "discovery",
    "informers",
    "informers/admissionregistration",
    "informers/admissionregistration/v1alpha1",
    "informers/apps",
    "informers/apps/v1beta1",
    "informers/autoscaling",
    "informers/autoscaling/v1",
    "informers/autoscaling/v2alpha1",
    "informers/batch",
    "informers/batch/v1",
    "informers/batch/v2alpha1",
    "informers/certificates",
    "informers/certificates/v1beta1",
    "informers/core",
    "informers/core/v1",
    "informers/extensions",
    "informers/extensions/v1beta1",
    "informers/internalinterfaces",
    "informers/networking",
    "informers/networking/v1",
    "informers/policy",
    "informers/policy/v1beta1",
    "informers/rbac",
    "informers/rbac/v1alpha1",
    "informers/rbac/v1beta1",
    "informers/settings",
    "informers/settings/v1alpha1",
    "informers/storage",
    "informers/storage/v1",
    "informers/storage/v1beta1",
    "kubernetes",
    "kubernetes/scheme",
    "kubernetes/typed/admissionregistration/v1alpha1",
    "kubernetes/typed/apps/v1beta1",
    "kubernetes/typed/authentication/v1",
    "kubernetes/typed/authentication/v1beta1",
    "kubernetes/typed/authorization/v1",
    "kubernetes/typed/authorization/v1beta1",
    "kubernetes/typed/autoscaling/v1",
    "kubernetes/typed/autoscaling/v2alpha1",
    "kubernetes/typed/batch/v1",
    "kubernetes/typed/batch/v2alpha1",
    "kubernetes/typed/certificates/v1beta1",
    "kubernetes/typed/core/v1",
    "kubernetes/typed/extensions/v1beta1",
    "kubernetes/typed/networking/v1",
    "kubernetes/typed/policy/v1beta1",
    "kubernetes/typed/rbac/v1alpha1",
    "kubernetes/typed/rbac/v1beta1",
    "kubernetes/typed/settings/v1alpha1",
    "kubernetes/typed/storage/v1",
    "kubernetes/typed/storage/v1beta1",
    "listers/admissionregistration/v1alpha1",
    "listers/apps/v1beta1",
    "listers/autoscaling/v1",
    "listers/autoscaling/v2alpha1",
    "listers/batch/v1",
    "listers/batch/v2alpha1",
    "listers/certificates/v1beta1",
    "listers/core/v1",
    "listers/extensions/v1beta1",
    "listers/networking/v1",
    "listers/policy/v1beta1",
    "listers/rbac/v1alpha1",
    "listers/rbac/v1beta1",
    "listers/settings/v1alpha1",
    "listers/storage/v1",
    "listers/storage/v1beta1",
    "pkg/api",
    "pkg/api/v1",
    "pkg/api/v1/ref",
    "pkg/apis/admissionregistration",
    "pkg/apis/admissionregistration/v1alpha1",
    "pkg/apis/apps",
    "pkg/apis/apps/v1beta1",
    "pkg/apis/authentication",
    "pkg/apis/authentication/v1",
    "pkg/apis/authentication/v1beta1",
    "pkg/apis/authorization",
    "pkg/apis/authorization/v1",
    "pkg/apis/authorization/v1beta1",
    "pkg/apis/autoscaling",
    "pkg/apis/autoscaling/v1",
    "pkg/apis/autoscaling/v2alpha1",
    "pkg/apis/batch",
    "pkg/apis/batch/v1",
    "pkg/apis/batch/v2alpha1",
    "pkg/apis/certificates",
    "pkg/apis/certificates/v1beta1",
    "pkg/apis/extensions",
    "pkg/apis/extensions/v1beta1",
    "pkg/apis/networking",
    "pkg/apis/networking/v1",
    "pkg/apis/policy",
    "pkg/apis/policy/v1beta1",
    "pkg/apis/rbac",
    "pkg/apis/rbac/v1alpha1",
    "pkg/apis/rbac/v1beta1",
    "pkg/apis/settings",
    "pkg/apis/settings/v1alpha1",
    "pkg/apis/storage",
    "pkg/apis/storage/v1",
    "pkg/apis/storage/v1beta1",
    "pkg/util",
    "pkg/util/parsers",
    "pkg/version",
    "rest",
    "rest/watch",
    "tools/auth",
    "tools/cache",
    "tools/clientcmd",
    "tools/clientcmd/api",
    "tools/clientcmd/api/latest",
    "tools/clientcmd/api/v1",
    "tools/metrics",
    "transport",
    "util/cert",
    "util/flowcontrol",
    "util/homedir",
    "util/integer",
    "util/workqueue",
  ]
  pruneopts = "NUT"
  revision = "d92e8497f71b7b4e0494e5bd204b48d34bd6f254"
  version = "v4.0.0"

[[projects]]
  digest = "1:1b59ed344893b2bb49cae2f088e7673a7e0f2fd450b3704f0361cb2f9f51cbfc"
  name = "k8s.io/kubernetes"
  packages = [
    "pkg/util/dbus",
    "pkg/util/exec",
    "pkg/util/iptables",
    "pkg/util/version",
  ]
  pruneopts = "NUT"
  revision = "bebdeb749f1fa3da9e1312c4b08e439c404b3136"
  version = "v1.7.10"

[solve-meta]
  analyzer-name = "dep"
  analyzer-version = 1
  input-imports = [
    "github.com/caicloud/clientset/informers",
    "github.com/caicloud/clientset/kubernetes",
    "github.com/caicloud/clientset/listers/loadbalance/v1alpha2",
    "github.com/caicloud/clientset/pkg/apis/loadbalance/v1alpha2",
    "github.com/caicloud/clientset/util/node",
    "github.com/caicloud/clientset/util/syncqueue",
    "github.com/golang/glog",
    "github.com/mdlayher/arp",
    "github.com/stretchr/testify/assert",
    "github.com/zoumo/golib/netutil",
    "github.com/zoumo/logdog",
    "gopkg.in/urfave/cli.v1",
    "k8s.io/apimachinery/pkg/api/errors",
    "k8s.io/apimachinery/pkg/apis/meta/v1",
    "k8s.io/apimachinery/pkg/util/runtime",
    "k8s.io/apimachinery/pkg/util/wait",
    "k8s.io/client-go/kubernetes",
    "k8s.io/client-go/listers/core/v1",
    "k8s.io/client-go/pkg/api/v1",
    "k8s.io/client-go/tools/cache",
    "k8s.io/client-go/tools/clientcmd",
    "k8s.io/client-go/util/flowcontrol",
    "k8s.io/kubernetes/pkg/util/dbus",
    "k8s.io/kubernetes/pkg/util/exec",
    "k8s.io/kubernetes/pkg/util/iptables",
  ]
  solver-name = "gps-cdcl"
  solver-version = 1
